
Microsoft Visual Studio Solution File, Format Version 12.00
# Visual Studio Version 17
VisualStudioVersion = 17.14.36623.8 d17.14
MinimumVisualStudioVersion = 10.0.40219.1
Project("{FAE04EC0-301F-11D3-BF4B-00C04F79EFBC}") = "brazilian data", "brazilian data\brazilian data.csproj", "{D3D5F5BA-B312-4B2E-8D8E-E743CDD8E996}"
EndProject
Global
	GlobalSection(SolutionConfigurationPlatforms) = preSolution
		Debug|Any CPU = Debug|Any CPU
		Release|Any CPU = Release|Any CPU
	EndGlobalSection
	GlobalSection(ProjectConfigurationPlatforms) = postSolution
		{D3D5F5BA-B312-4B2E-8D8E-E743CDD8E996}.Debug|Any CPU.ActiveCfg = Debug|Any CPU
		{D3D5F5BA-B312-4B2E-8D8E-E743CDD8E996}.Debug|Any CPU.Build.0 = Debug|Any CPU
		{D3D5F5BA-B312-4B2E-8D8E-E743CDD8E996}.Release|Any CPU.ActiveCfg = Release|Any CPU
		{D3D5F5BA-B312-4B2E-8D8E-E743CDD8E996}.Release|Any CPU.Build.0 = Release|Any CPU
	EndGlobalSection
	GlobalSection(SolutionProperties) = preSolution
		HideSolutionNode = FALSE
	EndGlobalSection
	GlobalSection(ExtensibilityGlobals) = postSolution
		SolutionGuid = {499E96B3-C2B5-4E76-8F86-D641578203A6}
	EndGlobalSection
EndGlobal
